PODS:
  - Flutter (1.0.0)
  - flutter_native_splash (0.0.1):
    - Flutter
  - FMDB (2.7.5):
    - FMDB/standard (= 2.7.5)
  - FMDB/standard (2.7.5)
  - path_provider_foundation (0.0.1):
    - Flutter
    - FlutterMacOS
  - shared_preferences_foundation (0.0.1):
    - Flutter
    - FlutterMacOS
  - smart_auth (0.0.1):
    - Flutter
  - sqflite (0.0.3):
    - Flutter
    - FMDB (>= 2.7.5)
  - url_launcher_ios (0.0.1):
    - Flutter
  - yandex_mapkit (0.0.1):
    - Flutter
    - YandexMapsMobile (= 4.2.2-full)
  - YandexMapsMobile (4.2.2-full)

DEPENDENCIES:
  - Flutter (from `Flutter`)
  - flutter_native_splash (from `.symlinks/plugins/flutter_native_splash/ios`)
  - path_provider_foundation (from `.symlinks/plugins/path_provider_foundation/darwin`)
  - shared_preferences_foundation (from `.symlinks/plugins/shared_preferences_foundation/darwin`)
  - smart_auth (from `.symlinks/plugins/smart_auth/ios`)
  - sqflite (from `.symlinks/plugins/sqflite/ios`)
  - url_launcher_ios (from `.symlinks/plugins/url_launcher_ios/ios`)
  - yandex_mapkit (from `.symlinks/plugins/yandex_mapkit/ios`)

SPEC REPOS:
  trunk:
    - FMDB
    - YandexMapsMobile

EXTERNAL SOURCES:
  Flutter:
    :path: Flutter
  flutter_native_splash:
    :path: ".symlinks/plugins/flutter_native_splash/ios"
  path_provider_foundation:
    :path: ".symlinks/plugins/path_provider_foundation/darwin"
  shared_preferences_foundation:
    :path: ".symlinks/plugins/shared_preferences_foundation/darwin"
  smart_auth:
    :path: ".symlinks/plugins/smart_auth/ios"
  sqflite:
    :path: ".symlinks/plugins/sqflite/ios"
  url_launcher_ios:
    :path: ".symlinks/plugins/url_launcher_ios/ios"
  yandex_mapkit:
    :path: ".symlinks/plugins/yandex_mapkit/ios"

SPEC CHECKSUMS:
  Flutter: f04841e97a9d0b0a8025694d0796dd46242b2854
  flutter_native_splash: 52501b97d1c0a5f898d687f1646226c1f93c56ef
  FMDB: 2ce00b547f966261cd18927a3ddb07cb6f3db82a
  path_provider_foundation: eaf5b3e458fc0e5fbb9940fb09980e853fe058b8
  shared_preferences_foundation: e2dae3258e06f44cc55f49d42024fd8dd03c590c
  smart_auth: 4bedbc118723912d0e45a07e8ab34039c19e04f2
  sqflite: 31f7eba61e3074736dff8807a9b41581e4f7f15a
  url_launcher_ios: 08a3dfac5fb39e8759aeb0abbd5d9480f30fc8b4
  yandex_mapkit: 3431f8997d36bc0df753407ef282565c09163766
  YandexMapsMobile: 1fd5f86bc368ad6ba528b199f9477e4a26796567

PODFILE CHECKSUM: 70ea28cff1f2955cd01a84fb810daa89d33306ba

COCOAPODS: 1.12.0
